
Microsoft Visual Studio Solution File, Format Version 12.00
# Visual Studio 15
VisualStudioVersion = 15.0.26730.16
MinimumVisualStudioVersion = 10.0.40219.1
Project("{8BC9CEB8-8B4A-11D0-8D11-00A0C91BC942}") = "Potvin_Isabelle_A4_Battleship", "Potvin_Isabelle_A4_Battleship\Potvin_Isabelle_A4_Battleship.vcxproj", "{8C1564EE-FA3A-476B-AF33-D8311A0BC6A9}"
EndProject
Global
	GlobalSection(SolutionConfigurationPlatforms) = preSolution
		Debug|x64 = Debug|x64
		Debug|x86 = Debug|x86
		Release|x64 = Release|x64
		Release|x86 = Release|x86
	EndGlobalSection
	GlobalSection(ProjectConfigurationPlatforms) = postSolution
		{8C1564EE-FA3A-476B-AF33-D8311A0BC6A9}.Debug|x64.ActiveCfg = Debug|x64
		{8C1564EE-FA3A-476B-AF33-D8311A0BC6A9}.Debug|x64.Build.0 = Debug|x64
		{8C1564EE-FA3A-476B-AF33-D8311A0BC6A9}.Debug|x86.ActiveCfg = Debug|Win32
		{8C1564EE-FA3A-476B-AF33-D8311A0BC6A9}.Debug|x86.Build.0 = Debug|Win32
		{8C1564EE-FA3A-476B-AF33-D8311A0BC6A9}.Release|x64.ActiveCfg = Release|x64
		{8C1564EE-FA3A-476B-AF33-D8311A0BC6A9}.Release|x64.Build.0 = Release|x64
		{8C1564EE-FA3A-476B-AF33-D8311A0BC6A9}.Release|x86.ActiveCfg = Release|Win32
		{8C1564EE-FA3A-476B-AF33-D8311A0BC6A9}.Release|x86.Build.0 = Release|Win32
	EndGlobalSection
	GlobalSection(SolutionProperties) = preSolution
		HideSolutionNode = FALSE
	EndGlobalSection
	GlobalSection(ExtensibilityGlobals) = postSolution
		SolutionGuid = {E834EB8B-71A8-4650-BD71-4569D288B3BD}
	EndGlobalSection
EndGlobal
